// !$*UTF8*$!
{
	archiveVersion = 1;
	classes = {
	};
	objectVersion = 46;
	objects = {

/* Begin PBXBuildFile section */
		3F5DCDF11E5E1D5600940210 /* AppDelegate.swift in Sources */ = {isa = PBXBuildFile; fileRef = 3F5DCDF01E5E1D5600940210 /* AppDelegate.swift */; };
		3F5DCDF31E5E1D5600940210 /* ViewController.swift in Sources */ = {isa = PBXBuildFile; fileRef = 3F5DCDF21E5E1D5600940210 /* ViewController.swift */; };
		3F5DCDF61E5E1D5600940210 /* Main.storyboard in Resources */ = {isa = PBXBuildFile; fileRef = 3F5DCDF41E5E1D5600940210 /* Main.storyboard */; };
		3F5DCDF81E5E1D5600940210 /* Assets.xcassets in Resources */ = {isa = PBXBuildFile; fileRef = 3F5DCDF71E5E1D5600940210 /* Assets.xcassets */; };
		3F5DCDFB1E5E1D5600940210 /* LaunchScreen.storyboard in Resources */ = {isa = PBXBuildFile; fileRef = 3F5DCDF91E5E1D5600940210 /* LaunchScreen.storyboard */; };
		3F5DCE101E5E390B00940210 /* themes.json in Resources */ = {isa = PBXBuildFile; fileRef = 3F5DCE0F1E5E390B00940210 /* themes.json */; };
		3F5DCE121E5E50F000940210 /* SchemaTableViewController.swift in Sources */ = {isa = PBXBuildFile; fileRef = 3F5DCE111E5E50F000940210 /* SchemaTableViewController.swift */; };
		3F5DCE141E5E511900940210 /* SchemaTableViewCell.swift in Sources */ = {isa = PBXBuildFile; fileRef = 3F5DCE131E5E511900940210 /* SchemaTableViewCell.swift */; };
		3F5DCE171E5E57F900940210 /* Schema.swift in Sources */ = {isa = PBXBuildFile; fileRef = 3F5DCE161E5E57F900940210 /* Schema.swift */; };
		3F5DCE1A1E5E6A4400940210 /* CustomExtentions.swift in Sources */ = {isa = PBXBuildFile; fileRef = 3F5DCE191E5E6A4400940210 /* CustomExtentions.swift */; };
/* End PBXBuildFile section */

/* Begin PBXFileReference section */
		3F5DCDED1E5E1D5600940210 /* SchemaColor.app */ = {isa = PBXFileReference; explicitFileType = wrapper.application; includeInIndex = 0; path = SchemaColor.app; sourceTree = BUILT_PRODUCTS_DIR; };
		3F5DCDF01E5E1D5600940210 /* AppDelegate.swift */ = {isa = PBXFileReference; lastKnownFileType = sourcecode.swift; path = AppDelegate.swift; sourceTree = "<group>"; };
		3F5DCDF21E5E1D5600940210 /* ViewController.swift */ = {isa = PBXFileReference; lastKnownFileType = sourcecode.swift; path = ViewController.swift; sourceTree = "<group>"; };
		3F5DCDF51E5E1D5600940210 /* Base */ = {isa = PBXFileReference; lastKnownFileType = file.storyboard; name = Base; path = Base.lproj/Main.storyboard; sourceTree = "<group>"; };
		3F5DCDF71E5E1D5600940210 /* Assets.xcassets */ = {isa = PBXFileReference; lastKnownFileType = folder.assetcatalog; path = Assets.xcassets; sourceTree = "<group>"; };
		3F5DCDFA1E5E1D5600940210 /* Base */ = {isa = PBXFileReference; lastKnownFileType = file.storyboard; name = Base; path = Base.lproj/LaunchScreen.storyboard; sourceTree = "<group>"; };
		3F5DCDFC1E5E1D5600940210 /* Info.plist */ = {isa = PBXFileReference; lastKnownFileType = text.plist.xml; path = Info.plist; sourceTree = "<group>"; };
		3F5DCE031E5E2FAE00940210 /* Roboto-Black.ttf */ = {isa = PBXFileReference; lastKnownFileType = file; path = "Roboto-Black.ttf"; sourceTree = "<group>"; };
		3F5DCE041E5E2FAE00940210 /* Roboto-BlackItalic.ttf */ = {isa = PBXFileReference; lastKnownFileType = file; path = "Roboto-BlackItalic.ttf"; sourceTree = "<group>"; };
		3F5DCE051E5E2FAE00940210 /* Roboto-Bold.ttf */ = {isa = PBXFileReference; lastKnownFileType = file; path = "Roboto-Bold.ttf"; sourceTree = "<group>"; };
		3F5DCE061E5E2FAE00940210 /* Roboto-BoldItalic.ttf */ = {isa = PBXFileReference; lastKnownFileType = file; path = "Roboto-BoldItalic.ttf"; sourceTree = "<group>"; };
		3F5DCE071E5E2FAE00940210 /* Roboto-Italic.ttf */ = {isa = PBXFileReference; lastKnownFileType = file; path = "Roboto-Italic.ttf"; sourceTree = "<group>"; };
		3F5DCE081E5E2FAE00940210 /* Roboto-Light.ttf */ = {isa = PBXFileReference; lastKnownFileType = file; path = "Roboto-Light.ttf"; sourceTree = "<group>"; };
		3F5DCE091E5E2FAE00940210 /* Roboto-LightItalic.ttf */ = {isa = PBXFileReference; lastKnownFileType = file; path = "Roboto-LightItalic.ttf"; sourceTree = "<group>"; };
		3F5DCE0A1E5E2FAE00940210 /* Roboto-Medium.ttf */ = {isa = PBXFileReference; lastKnownFileType = file; path = "Roboto-Medium.ttf"; sourceTree = "<group>"; };
		3F5DCE0B1E5E2FAE00940210 /* Roboto-MediumItalic.ttf */ = {isa = PBXFileReference; lastKnownFileType = file; path = "Roboto-MediumItalic.ttf"; sourceTree = "<group>"; };
		3F5DCE0C1E5E2FAE00940210 /* Roboto-Regular.ttf */ = {isa = PBXFileReference; lastKnownFileType = file; path = "Roboto-Regular.ttf"; sourceTree = "<group>"; };
		3F5DCE0D1E5E2FAE00940210 /* Roboto-Thin.ttf */ = {isa = PBXFileReference; lastKnownFileType = file; path = "Roboto-Thin.ttf"; sourceTree = "<group>"; };
		3F5DCE0E1E5E2FAE00940210 /* Roboto-ThinItalic.ttf */ = {isa = PBXFileReference; lastKnownFileType = file; path = "Roboto-ThinItalic.ttf"; sourceTree = "<group>"; };
		3F5DCE0F1E5E390B00940210 /* themes.json */ = {isa = PBXFileReference; fileEncoding = 4; lastKnownFileType = text.json; path = themes.json; sourceTree = "<group>"; };
		3F5DCE111E5E50F000940210 /* SchemaTableViewController.swift */ = {isa = PBXFileReference; fileEncoding = 4; lastKnownFileType = sourcecode.swift; path = SchemaTableViewController.swift; sourceTree = "<group>"; };
		3F5DCE131E5E511900940210 /* SchemaTableViewCell.swift */ = {isa = PBXFileReference; fileEncoding = 4; lastKnownFileType = sourcecode.swift; path = SchemaTableViewCell.swift; sourceTree = "<group>"; };
		3F5DCE161E5E57F900940210 /* Schema.swift */ = {isa = PBXFileReference; fileEncoding = 4; lastKnownFileType = sourcecode.swift; path = Schema.swift; sourceTree = "<group>"; };
		3F5DCE191E5E6A4400940210 /* CustomExtentions.swift */ = {isa = PBXFileReference; fileEncoding = 4; lastKnownFileType = sourcecode.swift; path = CustomExtentions.swift; sourceTree = "<group>"; };
/* End PBXFileReference section */

/* Begin PBXFrameworksBuildPhase section */
		3F5DCDEA1E5E1D5600940210 /* Frameworks */ = {
			isa = PBXFrameworksBuildPhase;
			buildActionMask = 2147483647;
			files = (
			);
			runOnlyForDeploymentPostprocessing = 0;
		};
/* End PBXFrameworksBuildPhase section */

/* Begin PBXGroup section */
		3F5DCDE41E5E1D5600940210 = {
			isa = PBXGroup;
			children = (
				3F5DCDEF1E5E1D5600940210 /* SchemaColor */,
				3F5DCDEE1E5E1D5600940210 /* Products */,
			);
			sourceTree = "<group>";
		};
		3F5DCDEE1E5E1D5600940210 /* Products */ = {
			isa = PBXGroup;
			children = (
				3F5DCDED1E5E1D5600940210 /* SchemaColor.app */,
			);
			name = Products;
			sourceTree = "<group>";
		};
		3F5DCDEF1E5E1D5600940210 /* SchemaColor */ = {
			isa = PBXGroup;
			children = (
				3F5DCE181E5E6A1100940210 /* Extentions */,
				3F5DCE151E5E57DF00940210 /* Models */,
				3F5DCE021E5E2F5000940210 /* Font */,
				3F5DCDF01E5E1D5600940210 /* AppDelegate.swift */,
				3F5DCDF21E5E1D5600940210 /* ViewController.swift */,
				3F5DCDF41E5E1D5600940210 /* Main.storyboard */,
				3F5DCDF71E5E1D5600940210 /* Assets.xcassets */,
				3F5DCDF91E5E1D5600940210 /* LaunchScreen.storyboard */,
				3F5DCDFC1E5E1D5600940210 /* Info.plist */,
				3F5DCE0F1E5E390B00940210 /* themes.json */,
				3F5DCE111E5E50F000940210 /* SchemaTableViewController.swift */,
				3F5DCE131E5E511900940210 /* SchemaTableViewCell.swift */,
			);
			path = SchemaColor;
			sourceTree = "<group>";
		};
		3F5DCE021E5E2F5000940210 /* Font */ = {
			isa = PBXGroup;
			children = (
				3F5DCE031E5E2FAE00940210 /* Roboto-Black.ttf */,
				3F5DCE041E5E2FAE00940210 /* Roboto-BlackItalic.ttf */,
				3F5DCE051E5E2FAE00940210 /* Roboto-Bold.ttf */,
				3F5DCE061E5E2FAE00940210 /* Roboto-BoldItalic.ttf */,
				3F5DCE071E5E2FAE00940210 /* Roboto-Italic.ttf */,
				3F5DCE081E5E2FAE00940210 /* Roboto-Light.ttf */,
				3F5DCE091E5E2FAE00940210 /* Roboto-LightItalic.ttf */,
				3F5DCE0A1E5E2FAE00940210 /* Roboto-Medium.ttf */,
				3F5DCE0B1E5E2FAE00940210 /* Roboto-MediumItalic.ttf */,
				3F5DCE0C1E5E2FAE00940210 /* Roboto-Regular.ttf */,
				3F5DCE0D1E5E2FAE00940210 /* Roboto-Thin.ttf */,
				3F5DCE0E1E5E2FAE00940210 /* Roboto-ThinItalic.ttf */,
			);
			name = Font;
			sourceTree = "<group>";
		};
		3F5DCE151E5E57DF00940210 /* Models */ = {
			isa = PBXGroup;
			children = (
				3F5DCE161E5E57F900940210 /* Schema.swift */,
			);
			name = Models;
			sourceTree = "<group>";
		};
		3F5DCE181E5E6A1100940210 /* Extentions */ = {
			isa = PBXGroup;
			children = (
				3F5DCE191E5E6A4400940210 /* CustomExtentions.swift */,
			);
			name = Extentions;
			sourceTree = "<group>";
		};
/* End PBXGroup section */

/* Begin PBXNativeTarget section */
		3F5DCDEC1E5E1D5600940210 /* SchemaColor */ = {
			isa = PBXNativeTarget;
			buildConfigurationList = 3F5DCDFF1E5E1D5600940210 /* Build configuration list for PBXNativeTarget "SchemaColor" */;
			buildPhases = (
				3F5DCDE91E5E1D5600940210 /* Sources */,
				3F5DCDEA1E5E1D5600940210 /* Frameworks */,
				3F5DCDEB1E5E1D5600940210 /* Resources */,
			);
			buildRules = (
			);
			dependencies = (
			);
			name = SchemaColor;
			productName = SchemaColor;
			productReference = 3F5DCDED1E5E1D5600940210 /* SchemaColor.app */;
			productType = "com.apple.product-type.application";
		};
/* End PBXNativeTarget section */

/* Begin PBXProject section */
		3F5DCDE51E5E1D5600940210 /* Project object */ = {
			isa = PBXProject;
			attributes = {
				LastSwiftUpdateCheck = 0820;
				LastUpgradeCheck = 0820;
				ORGANIZATIONNAME = "Rome Rock";
				TargetAttributes = {
					3F5DCDEC1E5E1D5600940210 = {
						CreatedOnToolsVersion = 8.2.1;
						DevelopmentTeam = CKJD28WL5K;
						ProvisioningStyle = Automatic;
					};
				};
			};
			buildConfigurationList = 3F5DCDE81E5E1D5600940210 /* Build configuration list for PBXProject "SchemaColor" */;
			compatibilityVersion = "Xcode 3.2";
			developmentRegion = English;
			hasScannedForEncodings = 0;
			knownRegions = (
				en,
				Base,
			);
			mainGroup = 3F5DCDE41E5E1D5600940210;
			productRefGroup = 3F5DCDEE1E5E1D5600940210 /* Products */;
			projectDirPath = "";
			projectRoot = "";
			targets = (
				3F5DCDEC1E5E1D5600940210 /* SchemaColor */,
			);
		};
/* End PBXProject section */

/* Begin PBXResourcesBuildPhase section */
		3F5DCDEB1E5E1D5600940210 /* Resources */ = {
			isa = PBXResourcesBuildPhase;
			buildActionMask = 2147483647;
			files = (
				3F5DCDFB1E5E1D5600940210 /* LaunchScreen.storyboard in Resources */,
				3F5DCE101E5E390B00940210 /* themes.json in Resources */,
				3F5DCDF81E5E1D5600940210 /* Assets.xcassets in Resources */,
				3F5DCDF61E5E1D5600940210 /* Main.storyboard in Resources */,
			);
			runOnlyForDeploymentPostprocessing = 0;
		};
/* End PBXResourcesBuildPhase section */

/* Begin PBXSourcesBuildPhase section */
		3F5DCDE91E5E1D5600940210 /* Sources */ = {
			isa = PBXSourcesBuildPhase;
			buildActionMask = 2147483647;
			files = (
				3F5DCE141E5E511900940210 /* SchemaTableViewCell.swift in Sources */,
				3F5DCE1A1E5E6A4400940210 /* CustomExtentions.swift in Sources */,
				3F5DCE121E5E50F000940210 /* SchemaTableViewController.swift in Sources */,
				3F5DCDF31E5E1D5600940210 /* ViewController.swift in Sources */,
				3F5DCDF11E5E1D5600940210 /* AppDelegate.swift in Sources */,
				3F5DCE171E5E57F900940210 /* Schema.swift in Sources */,
			);
			runOnlyForDeploymentPostprocessing = 0;
		};
/* End PBXSourcesBuildPhase section */

/* Begin PBXVariantGroup section */
		3F5DCDF41E5E1D5600940210 /* Main.storyboard */ = {
			isa = PBXVariantGroup;
			children = (
				3F5DCDF51E5E1D5600940210 /* Base */,
			);
			name = Main.storyboard;
			sourceTree = "<group>";
		};
		3F5DCDF91E5E1D5600940210 /* LaunchScreen.storyboard */ = {
			isa = PBXVariantGroup;
			children = (
				3F5DCDFA1E5E1D5600940210 /* Base */,
			);
			name = LaunchScreen.storyboard;
			sourceTree = "<group>";
		};
/* End PBXVariantGroup section */

/* Begin XCBuildConfiguration section */
		3F5DCDFD1E5E1D5600940210 /* Debug */ = {
			isa = XCBuildConfiguration;
			buildSettings = {
				ALWAYS_SEARCH_USER_PATHS = NO;
				CLANG_ANALYZER_NONNULL = YES;
				CLANG_CXX_LANGUAGE_STANDARD = "gnu++0x";
				CLANG_CXX_LIBRARY = "libc++";
				CLANG_ENABLE_MODULES = YES;
				CLANG_ENABLE_OBJC_ARC = YES;
				CLANG_WARN_BOOL_CONVERSION = YES;
				CLANG_WARN_CONSTANT_CONVERSION = YES;
				CLANG_WARN_DIRECT_OBJC_ISA_USAGE = YES_ERROR;
				CLANG_WARN_DOCUMENTATION_COMMENTS = YES;
				CLANG_WARN_EMPTY_BODY = YES;
				CLANG_WARN_ENUM_CONVERSION = YES;
				CLANG_WARN_INFINITE_RECURSION = YES;
				CLANG_WARN_INT_CONVERSION = YES;
				CLANG_WARN_OBJC_ROOT_CLASS = YES_ERROR;
				CLANG_WARN_SUSPICIOUS_MOVE = YES;
				CLANG_WARN_UNREACHABLE_CODE = YES;
				CLANG_WARN__DUPLICATE_METHOD_MATCH = YES;
				"CODE_SIGN_IDENTITY[sdk=iphoneos*]" = "iPhone Developer";
				COPY_PHASE_STRIP = NO;
				DEBUG_INFORMATION_FORMAT = dwarf;
				ENABLE_STRICT_OBJC_MSGSEND = YES;
				ENABLE_TESTABILITY = YES;
				GCC_C_LANGUAGE_STANDARD = gnu99;
				GCC_DYNAMIC_NO_PIC = NO;
				GCC_NO_COMMON_BLOCKS = YES;
				GCC_OPTIMIZATION_LEVEL = 0;
				GCC_PREPROCESSOR_DEFINITIONS = (
					"DEBUG=1",
					"$(inherited)",
				);
				GCC_WARN_64_TO_32_BIT_CONVERSION = YES;
				GCC_WARN_ABOUT_RETURN_TYPE = YES_ERROR;
				GCC_WARN_UNDECLARED_SELECTOR = YES;
				GCC_WARN_UNINITIALIZED_AUTOS = YES_AGGRESSIVE;
				GCC_WARN_UNUSED_FUNCTION = YES;
				GCC_WARN_UNUSED_VARIABLE = YES;
				IPHONEOS_DEPLOYMENT_TARGET = 10.2;
				MTL_ENABLE_DEBUG_INFO = YES;
				ONLY_ACTIVE_ARCH = YES;
				SDKROOT = iphoneos;
				SWIFT_ACTIVE_COMPILATION_CONDITIONS = DEBUG;
				SWIFT_OPTIMIZATION_LEVEL = "-Onone";
				TARGETED_DEVICE_FAMILY = "1,2";
			};
			name = Debug;
		};
		3F5DCDFE1E5E1D5600940210 /* Release */ = {
			isa = XCBuildConfiguration;
			buildSettings = {
				ALWAYS_SEARCH_USER_PATHS = NO;
				CLANG_ANALYZER_NONNULL = YES;
				CLANG_CXX_LANGUAGE_STANDARD = "gnu++0x";
				CLANG_CXX_LIBRARY = "libc++";
				CLANG_ENABLE_MODULES = YES;
				CLANG_ENABLE_OBJC_ARC = YES;
				CLANG_WARN_BOOL_CONVERSION = YES;
				CLANG_WARN_CONSTANT_CONVERSION = YES;
				CLANG_WARN_DIRECT_OBJC_ISA_USAGE = YES_ERROR;
				CLANG_WARN_DOCUMENTATION_COMMENTS = YES;
				CLANG_WARN_EMPTY_BODY = YES;
				CLANG_WARN_ENUM_CONVERSION = YES;
				CLANG_WARN_INFINITE_RECURSION = YES;
				CLANG_WARN_INT_CONVERSION = YES;
				CLANG_WARN_OBJC_ROOT_CLASS = YES_ERROR;
				CLANG_WARN_SUSPICIOUS_MOVE = YES;
				CLANG_WARN_UNREACHABLE_CODE = YES;
				CLANG_WARN__DUPLICATE_METHOD_MATCH = YES;
				"CODE_SIGN_IDENTITY[sdk=iphoneos*]" = "iPhone Developer";
				COPY_PHASE_STRIP = NO;
				DEBUG_INFORMATION_FORMAT = "dwarf-with-dsym";
				ENABLE_NS_ASSERTIONS = NO;
				ENABLE_STRICT_OBJC_MSGSEND = YES;
				GCC_C_LANGUAGE_STANDARD = gnu99;
				GCC_NO_COMMON_BLOCKS = YES;
				GCC_WARN_64_TO_32_BIT_CONVERSION = YES;
				GCC_WARN_ABOUT_RETURN_TYPE = YES_ERROR;
				GCC_WARN_UNDECLARED_SELECTOR = YES;
				GCC_WARN_UNINITIALIZED_AUTOS = YES_AGGRESSIVE;
				GCC_WARN_UNUSED_FUNCTION = YES;
				GCC_WARN_UNUSED_VARIABLE = YES;
				IPHONEOS_DEPLOYMENT_TARGET = 10.2;
				MTL_ENABLE_DEBUG_INFO = NO;
				SDKROOT = iphoneos;
				SWIFT_OPTIMIZATION_LEVEL = "-Owholemodule";
				TARGETED_DEVICE_FAMILY = "1,2";
				VALIDATE_PRODUCT = YES;
			};
			name = Release;
		};
		3F5DCE001E5E1D5600940210 /* Debug */ = {
			isa = XCBuildConfiguration;
			buildSettings = {
				ASSETCATALOG_COMPILER_APPICON_NAME = AppIcon;
				DEVELOPMENT_TEAM = CKJD28WL5K;
				INFOPLIST_FILE = SchemaColor/Info.plist;
				LD_RUNPATH_SEARCH_PATHS = "$(inherited) @executable_path/Frameworks";
				PRODUCT_BUNDLE_IDENTIFIER = com.romerock.modules.SchemaColor;
				PRODUCT_NAME = "$(TARGET_NAME)";
				SWIFT_VERSION = 3.0;
			};
			name = Debug;
		};
		3F5DCE011E5E1D5600940210 /* Release */ = {
			isa = XCBuildConfiguration;
			buildSettings = {
				ASSETCATALOG_COMPILER_APPICON_NAME = AppIcon;
				DEVELOPMENT_TEAM = CKJD28WL5K;
				INFOPLIST_FILE = SchemaColor/Info.plist;
				LD_RUNPATH_SEARCH_PATHS = "$(inherited) @executable_path/Frameworks";
				PRODUCT_BUNDLE_IDENTIFIER = com.romerock.modules.SchemaColor;
				PRODUCT_NAME = "$(TARGET_NAME)";
				SWIFT_VERSION = 3.0;
			};
			name = Release;
		};
/* End XCBuildConfiguration section */

/* Begin XCConfigurationList section */
		3F5DCDE81E5E1D5600940210 /* Build configuration list for PBXProject "SchemaColor" */ = {
			isa = XCConfigurationList;
			buildConfigurations = (
				3F5DCDFD1E5E1D5600940210 /* Debug */,
				3F5DCDFE1E5E1D5600940210 /* Release */,
			);
			defaultConfigurationIsVisible = 0;
			defaultConfigurationName = Release;
		};
		3F5DCDFF1E5E1D5600940210 /* Build configuration list for PBXNativeTarget "SchemaColor" */ = {
			isa = XCConfigurationList;
			buildConfigurations = (
				3F5DCE001E5E1D5600940210 /* Debug */,
				3F5DCE011E5E1D5600940210 /* Release */,
			);
			defaultConfigurationIsVisible = 0;
		};
/* End XCConfigurationList section */
	};
	rootObject = 3F5DCDE51E5E1D5600940210 /* Project object */;
}
